
Microsoft Visual Studio Solution File, Format Version 12.00
# Visual Studio Version 16
VisualStudioVersion = 16.0.30503.244
MinimumVisualStudioVersion = 10.0.40219.1
Project("{9A19103F-16F7-4668-BE54-9A1E7A4F7556}") = "TCPingInfoView", "TCPingInfoView\TCPingInfoView.csproj", "{B0DBA6F1-79A0-4296-BEE5-18F85CFAF19C}"
EndProject
Project("{9A19103F-16F7-4668-BE54-9A1E7A4F7556}") = "PingClientBase", "PingClientBase\PingClientBase.csproj", "{19DF3DD5-C4DB-4524-A779-A19B3D3204F3}"
EndProject
Project("{FAE04EC0-301F-11D3-BF4B-00C04F79EFBC}") = "TCPingInfoView.Shared", "TCPingInfoView.Shared\TCPingInfoView.Shared.csproj", "{1D61C166-0D7F-4731-B148-EA61EFAAABC6}"
EndProject
Project("{9A19103F-16F7-4668-BE54-9A1E7A4F7556}") = "SingleInstance", "Infrastructure\SingleInstance\SingleInstance.csproj", "{34E80B26-BDFB-42A9-8896-227722F60389}"
EndProject
Global
	GlobalSection(SolutionConfigurationPlatforms) = preSolution
		Debug|Any CPU = Debug|Any CPU
		Release|Any CPU = Release|Any CPU
	EndGlobalSection
	GlobalSection(ProjectConfigurationPlatforms) = postSolution
		{B0DBA6F1-79A0-4296-BEE5-18F85CFAF19C}.Debug|Any CPU.ActiveCfg = Debug|Any CPU
		{B0DBA6F1-79A0-4296-BEE5-18F85CFAF19C}.Debug|Any CPU.Build.0 = Debug|Any CPU
		{B0DBA6F1-79A0-4296-BEE5-18F85CFAF19C}.Release|Any CPU.ActiveCfg = Release|Any CPU
		{B0DBA6F1-79A0-4296-BEE5-18F85CFAF19C}.Release|Any CPU.Build.0 = Release|Any CPU
		{19DF3DD5-C4DB-4524-A779-A19B3D3204F3}.Debug|Any CPU.ActiveCfg = Debug|Any CPU
		{19DF3DD5-C4DB-4524-A779-A19B3D3204F3}.Debug|Any CPU.Build.0 = Debug|Any CPU
		{19DF3DD5-C4DB-4524-A779-A19B3D3204F3}.Release|Any CPU.ActiveCfg = Release|Any CPU
		{19DF3DD5-C4DB-4524-A779-A19B3D3204F3}.Release|Any CPU.Build.0 = Release|Any CPU
		{1D61C166-0D7F-4731-B148-EA61EFAAABC6}.Debug|Any CPU.ActiveCfg = Debug|Any CPU
		{1D61C166-0D7F-4731-B148-EA61EFAAABC6}.Debug|Any CPU.Build.0 = Debug|Any CPU
		{1D61C166-0D7F-4731-B148-EA61EFAAABC6}.Release|Any CPU.ActiveCfg = Release|Any CPU
		{1D61C166-0D7F-4731-B148-EA61EFAAABC6}.Release|Any CPU.Build.0 = Release|Any CPU
		{34E80B26-BDFB-42A9-8896-227722F60389}.Debug|Any CPU.ActiveCfg = Debug|Any CPU
		{34E80B26-BDFB-42A9-8896-227722F60389}.Debug|Any CPU.Build.0 = Debug|Any CPU
		{34E80B26-BDFB-42A9-8896-227722F60389}.Release|Any CPU.ActiveCfg = Release|Any CPU
		{34E80B26-BDFB-42A9-8896-227722F60389}.Release|Any CPU.Build.0 = Release|Any CPU
	EndGlobalSection
	GlobalSection(SolutionProperties) = preSolution
		HideSolutionNode = FALSE
	EndGlobalSection
	GlobalSection(ExtensibilityGlobals) = postSolution
		SolutionGuid = {1C594DBA-CD1C-4928-92DC-AFA15A602D61}
	EndGlobalSection
EndGlobal
